
Microsoft Visual Studio Solution File, Format Version 12.00
# Visual Studio Version 16
VisualStudioVersion = 16.0.28917.181
MinimumVisualStudioVersion = 10.0.40219.1
Project("{FAE04EC0-301F-11D3-BF4B-00C04F79EFBC}") = "OSharpNSAPI", "OSharpNSAPI.csproj", "{82FB6803-F073-4B63-9A36-7608FDFE629E}"
EndProject
Global
	GlobalSection(SolutionConfigurationPlatforms) = preSolution
		Debug|Any CPU = Debug|Any CPU
		Release|Any CPU = Release|Any CPU
	EndGlobalSection
	GlobalSection(ProjectConfigurationPlatforms) = postSolution
		{82FB6803-F073-4B63-9A36-7608FDFE629E}.Debug|Any CPU.ActiveCfg = Debug|Any CPU
		{82FB6803-F073-4B63-9A36-7608FDFE629E}.Debug|Any CPU.Build.0 = Debug|Any CPU
		{82FB6803-F073-4B63-9A36-7608FDFE629E}.Release|Any CPU.ActiveCfg = Release|Any CPU
		{82FB6803-F073-4B63-9A36-7608FDFE629E}.Release|Any CPU.Build.0 = Release|Any CPU
	EndGlobalSection
	GlobalSection(SolutionProperties) = preSolution
		HideSolutionNode = FALSE
	EndGlobalSection
	GlobalSection(ExtensibilityGlobals) = postSolution
		SolutionGuid = {E6913CD1-FC9C-4FFC-B6B9-E73C69999230}
	EndGlobalSection
EndGlobal
